// !$*UTF8*$!
{
	archiveVersion = 1;
	classes = {
	};
	objectVersion = 46;
	objects = {

/* Begin PBXBuildFile section */
		3F721C111D0993CC00C1526D /* iHealthLibrary(2.0.3).a in Frameworks */ = {isa = PBXBuildFile; fileRef = 3F721C051D0993CC00C1526D /* iHealthLibrary(2.0.3).a */; };
		4D48B73F19D0F40D00BA5A84 /* Foundation.framework in Frameworks */ = {isa = PBXBuildFile; fileRef = 4D48B73E19D0F40D00BA5A84 /* Foundation.framework */; };
		4D48B74119D0F40D00BA5A84 /* CoreGraphics.framework in Frameworks */ = {isa = PBXBuildFile; fileRef = 4D48B74019D0F40D00BA5A84 /* CoreGraphics.framework */; };
		4D48B74319D0F40D00BA5A84 /* UIKit.framework in Frameworks */ = {isa = PBXBuildFile; fileRef = 4D48B74219D0F40D00BA5A84 /* UIKit.framework */; };
		4D48B74919D0F40D00BA5A84 /* InfoPlist.strings in Resources */ = {isa = PBXBuildFile; fileRef = 4D48B74719D0F40D00BA5A84 /* InfoPlist.strings */; };
		4D48B74B19D0F40D00BA5A84 /* main.m in Sources */ = {isa = PBXBuildFile; fileRef = 4D48B74A19D0F40D00BA5A84 /* main.m */; };
		4D48B74F19D0F40D00BA5A84 /* AppDelegate.m in Sources */ = {isa = PBXBuildFile; fileRef = 4D48B74E19D0F40D00BA5A84 /* AppDelegate.m */; };
		4D48B75219D0F40D00BA5A84 /* Main.storyboard in Resources */ = {isa = PBXBuildFile; fileRef = 4D48B75019D0F40D00BA5A84 /* Main.storyboard */; };
		4D48B75A19D0F40D00BA5A84 /* Images.xcassets in Resources */ = {isa = PBXBuildFile; fileRef = 4D48B75919D0F40D00BA5A84 /* Images.xcassets */; };
		4D48B76119D0F40D00BA5A84 /* XCTest.framework in Frameworks */ = {isa = PBXBuildFile; fileRef = 4D48B76019D0F40D00BA5A84 /* XCTest.framework */; };
		4D48B76219D0F40D00BA5A84 /* Foundation.framework in Frameworks */ = {isa = PBXBuildFile; fileRef = 4D48B73E19D0F40D00BA5A84 /* Foundation.framework */; };
		4D48B76319D0F40D00BA5A84 /* UIKit.framework in Frameworks */ = {isa = PBXBuildFile; fileRef = 4D48B74219D0F40D00BA5A84 /* UIKit.framework */; };
		4D48B76B19D0F40D00BA5A84 /* InfoPlist.strings in Resources */ = {isa = PBXBuildFile; fileRef = 4D48B76919D0F40D00BA5A84 /* InfoPlist.strings */; };
		4D48B76D19D0F40D00BA5A84 /* iHealthDemoCodeTests.m in Sources */ = {isa = PBXBuildFile; fileRef = 4D48B76C19D0F40D00BA5A84 /* iHealthDemoCodeTests.m */; };
		4D48B77819D0F67900BA5A84 /* BPViewController.m in Sources */ = {isa = PBXBuildFile; fileRef = 4D48B77719D0F67900BA5A84 /* BPViewController.m */; };
		4D48B77B19D0F74000BA5A84 /* HSViewController.m in Sources */ = {isa = PBXBuildFile; fileRef = 4D48B77A19D0F74000BA5A84 /* HSViewController.m */; };
		4D48B78119D0F8F000BA5A84 /* POViewController.m in Sources */ = {isa = PBXBuildFile; fileRef = 4D48B78019D0F8F000BA5A84 /* POViewController.m */; };
		4D48B78419D0F8FC00BA5A84 /* BGViewController.m in Sources */ = {isa = PBXBuildFile; fileRef = 4D48B78319D0F8FC00BA5A84 /* BGViewController.m */; };
		4D48B7A819D0FA8B00BA5A84 /* CoreBluetooth.framework in Frameworks */ = {isa = PBXBuildFile; fileRef = 4D48B7A719D0FA8B00BA5A84 /* CoreBluetooth.framework */; };
		4D48B7AA19D0FA9300BA5A84 /* ExternalAccessory.framework in Frameworks */ = {isa = PBXBuildFile; fileRef = 4D48B7A919D0FA9300BA5A84 /* ExternalAccessory.framework */; };
		8602E24C1CF3ED6A00214CEC /* AM4ViewController.m in Sources */ = {isa = PBXBuildFile; fileRef = 8602E24A1CF3ED6A00214CEC /* AM4ViewController.m */; };
		8602E24D1CF3ED6A00214CEC /* AM4ViewController.xib in Resources */ = {isa = PBXBuildFile; fileRef = 8602E24B1CF3ED6A00214CEC /* AM4ViewController.xib */; };
		86BE1E631CF2EECD006107E3 /* AMViewController.m in Sources */ = {isa = PBXBuildFile; fileRef = 86BE1E601CF2EECD006107E3 /* AMViewController.m */; };
/* End PBXBuildFile section */

/* Begin PBXContainerItemProxy section */
		4D48B76419D0F40D00BA5A84 /* PBXContainerItemProxy */ = {
			isa = PBXContainerItemProxy;
			containerPortal = 4D48B73319D0F40D00BA5A84 /* Project object */;
			proxyType = 1;
			remoteGlobalIDString = 4D48B73A19D0F40D00BA5A84;
			remoteInfo = iHealthDemoCode;
		};
/* End PBXContainerItemProxy section */

/* Begin PBXFileReference section */
		3F721BD51D0993CC00C1526D /* ABI.h */ = {isa = PBXFileReference; fileEncoding = 4; lastKnownFileType = sourcecode.c.h; name = ABI.h; path = ../../../../lib/ABI.h; sourceTree = "<group>"; };
		3F721BD61D0993CC00C1526D /* ABIController.h */ = {isa = PBXFileReference; fileEncoding = 4; lastKnownFileType = sourcecode.c.h; name = ABIController.h; path = ../../../../lib/ABIController.h; sourceTree = "<group>"; };
		3F721BD71D0993CC00C1526D /* ABPM.h */ = {isa = PBXFileReference; fileEncoding = 4; lastKnownFileType = sourcecode.c.h; name = ABPM.h; path = ../../../../lib/ABPM.h; sourceTree = "<group>"; };
		3F721BD81D0993CC00C1526D /* ABPMController.h */ = {isa = PBXFileReference; fileEncoding = 4; lastKnownFileType = sourcecode.c.h; name = ABPMController.h; path = ../../../../lib/ABPMController.h; sourceTree = "<group>"; };
		3F721BD91D0993CC00C1526D /* AM3.h */ = {isa = PBXFileReference; fileEncoding = 4; lastKnownFileType = sourcecode.c.h; name = AM3.h; path = ../../../../lib/AM3.h; sourceTree = "<group>"; };
		3F721BDA1D0993CC00C1526D /* AM3Controller.h */ = {isa = PBXFileReference; fileEncoding = 4; lastKnownFileType = sourcecode.c.h; name = AM3Controller.h; path = ../../../../lib/AM3Controller.h; sourceTree = "<group>"; };
		3F721BDB1D0993CC00C1526D /* AM3S.h */ = {isa = PBXFileReference; fileEncoding = 4; lastKnownFileType = sourcecode.c.h; name = AM3S.h; path = ../../../../lib/AM3S.h; sourceTree = "<group>"; };
		3F721BDC1D0993CC00C1526D /* AM3SController.h */ = {isa = PBXFileReference; fileEncoding = 4; lastKnownFileType = sourcecode.c.h; name = AM3SController.h; path = ../../../../lib/AM3SController.h; sourceTree = "<group>"; };
		3F721BDD1D0993CC00C1526D /* AM4.h */ = {isa = PBXFileReference; fileEncoding = 4; lastKnownFileType = sourcecode.c.h; name = AM4.h; path = ../../../../lib/AM4.h; sourceTree = "<group>"; };
		3F721BDE1D0993CC00C1526D /* AM4Controller.h */ = {isa = PBXFileReference; fileEncoding = 4; lastKnownFileType = sourcecode.c.h; name = AM4Controller.h; path = ../../../../lib/AM4Controller.h; sourceTree = "<group>"; };
		3F721BDF1D0993CC00C1526D /* AMHeader.h */ = {isa = PBXFileReference; fileEncoding = 4; lastKnownFileType = sourcecode.c.h; name = AMHeader.h; path = ../../../../lib/AMHeader.h; sourceTree = "<group>"; };
		3F721BE01D0993CC00C1526D /* AMMacroFile.h */ = {isa = PBXFileReference; fileEncoding = 4; lastKnownFileType = sourcecode.c.h; name = AMMacroFile.h; path = ../../../../lib/AMMacroFile.h; sourceTree = "<group>"; };
		3F721BE11D0993CC00C1526D /* BG1.h */ = {isa = PBXFileReference; fileEncoding = 4; lastKnownFileType = sourcecode.c.h; name = BG1.h; path = ../../../../lib/BG1.h; sourceTree = "<group>"; };
		3F721BE21D0993CC00C1526D /* BG1Controller.h */ = {isa = PBXFileReference; fileEncoding = 4; lastKnownFileType = sourcecode.c.h; name = BG1Controller.h; path = ../../../../lib/BG1Controller.h; sourceTree = "<group>"; };
		3F721BE31D0993CC00C1526D /* BG3.h */ = {isa = PBXFileReference; fileEncoding = 4; lastKnownFileType = sourcecode.c.h; name = BG3.h; path = ../../../../lib/BG3.h; sourceTree = "<group>"; };
		3F721BE41D0993CC00C1526D /* BG3Controller.h */ = {isa = PBXFileReference; fileEncoding = 4; lastKnownFileType = sourcecode.c.h; name = BG3Controller.h; path = ../../../../lib/BG3Controller.h; sourceTree = "<group>"; };
		3F721BE51D0993CC00C1526D /* BG5.h */ = {isa = PBXFileReference; fileEncoding = 4; lastKnownFileType = sourcecode.c.h; name = BG5.h; path = ../../../../lib/BG5.h; sourceTree = "<group>"; };
		3F721BE61D0993CC00C1526D /* BG5Controller.h */ = {isa = PBXFileReference; fileEncoding = 4; lastKnownFileType = sourcecode.c.h; name = BG5Controller.h; path = ../../../../lib/BG5Controller.h; sourceTree = "<group>"; };
		3F721BE71D0993CC00C1526D /* BGHeader.h */ = {isa = PBXFileReference; fileEncoding = 4; lastKnownFileType = sourcecode.c.h; name = BGHeader.h; path = ../../../../lib/BGHeader.h; sourceTree = "<group>"; };
		3F721BE81D0993CC00C1526D /* BGMacroFile.h */ = {isa = PBXFileReference; fileEncoding = 4; lastKnownFileType = sourcecode.c.h; name = BGMacroFile.h; path = ../../../../lib/BGMacroFile.h; sourceTree = "<group>"; };
		3F721BE91D0993CC00C1526D /* BP3.h */ = {isa = PBXFileReference; fileEncoding = 4; lastKnownFileType = sourcecode.c.h; name = BP3.h; path = ../../../../lib/BP3.h; sourceTree = "<group>"; };
		3F721BEA1D0993CC00C1526D /* BP3Controller.h */ = {isa = PBXFileReference; fileEncoding = 4; lastKnownFileType = sourcecode.c.h; name = BP3Controller.h; path = ../../../../lib/BP3Controller.h; sourceTree = "<group>"; };
		3F721BEB1D0993CC00C1526D /* BP3L.h */ = {isa = PBXFileReference; fileEncoding = 4; lastKnownFileType = sourcecode.c.h; name = BP3L.h; path = ../../../../lib/BP3L.h; sourceTree = "<group>"; };
		3F721BEC1D0993CC00C1526D /* BP3LController.h */ = {isa = PBXFileReference; fileEncoding = 4; lastKnownFileType = sourcecode.c.h; name = BP3LController.h; path = ../../../../lib/BP3LController.h; sourceTree = "<group>"; };
		3F721BED1D0993CC00C1526D /* BP5.h */ = {isa = PBXFileReference; fileEncoding = 4; lastKnownFileType = sourcecode.c.h; name = BP5.h; path = ../../../../lib/BP5.h; sourceTree = "<group>"; };
		3F721BEE1D0993CC00C1526D /* BP5Controller.h */ = {isa = PBXFileReference; fileEncoding = 4; lastKnownFileType = sourcecode.c.h; name = BP5Controller.h; path = ../../../../lib/BP5Controller.h; sourceTree = "<group>"; };
		3F721BEF1D0993CC00C1526D /* BP7.h */ = {isa = PBXFileReference; fileEncoding = 4; lastKnownFileType = sourcecode.c.h; name = BP7.h; path = ../../../../lib/BP7.h; sourceTree = "<group>"; };
		3F721BF01D0993CC00C1526D /* BP7Controller.h */ = {isa = PBXFileReference; fileEncoding = 4; lastKnownFileType = sourcecode.c.h; name = BP7Controller.h; path = ../../../../lib/BP7Controller.h; sourceTree = "<group>"; };
		3F721BF11D0993CC00C1526D /* BP7S.h */ = {isa = PBXFileReference; fileEncoding = 4; lastKnownFileType = sourcecode.c.h; name = BP7S.h; path = ../../../../lib/BP7S.h; sourceTree = "<group>"; };
		3F721BF21D0993CC00C1526D /* BP7SController.h */ = {isa = PBXFileReference; fileEncoding = 4; lastKnownFileType = sourcecode.c.h; name = BP7SController.h; path = ../../../../lib/BP7SController.h; sourceTree = "<group>"; };
		3F721BF31D0993CC00C1526D /* BPHeader.h */ = {isa = PBXFileReference; fileEncoding = 4; lastKnownFileType = sourcecode.c.h; name = BPHeader.h; path = ../../../../lib/BPHeader.h; sourceTree = "<group>"; };
		3F721BF41D0993CC00C1526D /* BPMacroFile.h */ = {isa = PBXFileReference; fileEncoding = 4; lastKnownFileType = sourcecode.c.h; name = BPMacroFile.h; path = ../../../../lib/BPMacroFile.h; sourceTree = "<group>"; };
		3F721BF51D0993CC00C1526D /* ConnectDeviceController.h */ = {isa = PBXFileReference; fileEncoding = 4; lastKnownFileType = sourcecode.c.h; name = ConnectDeviceController.h; path = ../../../../lib/ConnectDeviceController.h; sourceTree = "<group>"; };
		3F721BF61D0993CC00C1526D /* HealthHeader.h */ = {isa = PBXFileReference; fileEncoding = 4; lastKnownFileType = sourcecode.c.h; name = HealthHeader.h; path = ../../../../lib/HealthHeader.h; sourceTree = "<group>"; };
		3F721BF71D0993CC00C1526D /* HealthUser.h */ = {isa = PBXFileReference; fileEncoding = 4; lastKnownFileType = sourcecode.c.h; name = HealthUser.h; path = ../../../../lib/HealthUser.h; sourceTree = "<group>"; };
		3F721BF81D0993CC00C1526D /* HS3.h */ = {isa = PBXFileReference; fileEncoding = 4; lastKnownFileType = sourcecode.c.h; name = HS3.h; path = ../../../../lib/HS3.h; sourceTree = "<group>"; };
		3F721BF91D0993CC00C1526D /* HS3Controller.h */ = {isa = PBXFileReference; fileEncoding = 4; lastKnownFileType = sourcecode.c.h; name = HS3Controller.h; path = ../../../../lib/HS3Controller.h; sourceTree = "<group>"; };
		3F721BFA1D0993CC00C1526D /* HS4.h */ = {isa = PBXFileReference; fileEncoding = 4; lastKnownFileType = sourcecode.c.h; name = HS4.h; path = ../../../../lib/HS4.h; sourceTree = "<group>"; };
		3F721BFB1D0993CC00C1526D /* HS4Controller.h */ = {isa = PBXFileReference; fileEncoding = 4; lastKnownFileType = sourcecode.c.h; name = HS4Controller.h; path = ../../../../lib/HS4Controller.h; sourceTree = "<group>"; };
		3F721BFC1D0993CC00C1526D /* HS5.h */ = {isa = PBXFileReference; fileEncoding = 4; lastKnownFileType = sourcecode.c.h; name = HS5.h; path = ../../../../lib/HS5.h; sourceTree = "<group>"; };
		3F721BFD1D0993CC00C1526D /* HS5Controller.h */ = {isa = PBXFileReference; fileEncoding = 4; lastKnownFileType = sourcecode.c.h; name = HS5Controller.h; path = ../../../../lib/HS5Controller.h; sourceTree = "<group>"; };
		3F721BFE1D0993CC00C1526D /* HSHeader.h */ = {isa = PBXFileReference; fileEncoding = 4; lastKnownFileType = sourcecode.c.h; name = HSHeader.h; path = ../../../../lib/HSHeader.h; sourceTree = "<group>"; };
		3F721BFF1D0993CC00C1526D /* HSMacroFile.h */ = {isa = PBXFileReference; fileEncoding = 4; lastKnownFileType = sourcecode.c.h; name = HSMacroFile.h; path = ../../../../lib/HSMacroFile.h; sourceTree = "<group>"; };
		3F721C001D0993CC00C1526D /* HTS.h */ = {isa = PBXFileReference; fileEncoding = 4; lastKnownFileType = sourcecode.c.h; name = HTS.h; path = ../../../../lib/HTS.h; sourceTree = "<group>"; };
		3F721C011D0993CC00C1526D /* HTSController.h */ = {isa = PBXFileReference; fileEncoding = 4; lastKnownFileType = sourcecode.c.h; name = HTSController.h; path = ../../../../lib/HTSController.h; sourceTree = "<group>"; };
		3F721C021D0993CC00C1526D /* HTSHeader.h */ = {isa = PBXFileReference; fileEncoding = 4; lastKnownFileType = sourcecode.c.h; name = HTSHeader.h; path = ../../../../lib/HTSHeader.h; sourceTree = "<group>"; };
		3F721C031D0993CC00C1526D /* HTSMacroFile.h */ = {isa = PBXFileReference; fileEncoding = 4; lastKnownFileType = sourcecode.c.h; name = HTSMacroFile.h; path = ../../../../lib/HTSMacroFile.h; sourceTree = "<group>"; };
		3F721C041D0993CC00C1526D /* iHealthHS6.h */ = {isa = PBXFileReference; fileEncoding = 4; lastKnownFileType = sourcecode.c.h; name = iHealthHS6.h; path = ../../../../lib/iHealthHS6.h; sourceTree = "<group>"; };
		3F721C051D0993CC00C1526D /* iHealthLibrary(2.0.3).a */ = {isa = PBXFileReference; lastKnownFileType = archive.ar; name = "iHealthLibrary(2.0.3).a"; path = "../../../../lib/iHealthLibrary(2.0.3).a"; sourceTree = "<group>"; };
		3F721C061D0993CC00C1526D /* KD723.h */ = {isa = PBXFileReference; fileEncoding = 4; lastKnownFileType = sourcecode.c.h; name = KD723.h; path = ../../../../lib/KD723.h; sourceTree = "<group>"; };
		3F721C071D0993CC00C1526D /* KD723Controller.h */ = {isa = PBXFileReference; fileEncoding = 4; lastKnownFileType = sourcecode.c.h; name = KD723Controller.h; path = ../../../../lib/KD723Controller.h; sourceTree = "<group>"; };
		3F721C081D0993CC00C1526D /* KD926.h */ = {isa = PBXFileReference; fileEncoding = 4; lastKnownFileType = sourcecode.c.h; name = KD926.h; path = ../../../../lib/KD926.h; sourceTree = "<group>"; };
		3F721C091D0993CC00C1526D /* KD926Controller.h */ = {isa = PBXFileReference; fileEncoding = 4; lastKnownFileType = sourcecode.c.h; name = KD926Controller.h; path = ../../../../lib/KD926Controller.h; sourceTree = "<group>"; };
		3F721C0A1D0993CC00C1526D /* KN550BT.h */ = {isa = PBXFileReference; fileEncoding = 4; lastKnownFileType = sourcecode.c.h; name = KN550BT.h; path = ../../../../lib/KN550BT.h; sourceTree = "<group>"; };
		3F721C0B1D0993CC00C1526D /* KN550BTController.h */ = {isa = PBXFileReference; fileEncoding = 4; lastKnownFileType = sourcecode.c.h; name = KN550BTController.h; path = ../../../../lib/KN550BTController.h; sourceTree = "<group>"; };
		3F721C0C1D0993CC00C1526D /* PO3.h */ = {isa = PBXFileReference; fileEncoding = 4; lastKnownFileType = sourcecode.c.h; name = PO3.h; path = ../../../../lib/PO3.h; sourceTree = "<group>"; };
		3F721C0D1D0993CC00C1526D /* PO3Controller.h */ = {isa = PBXFileReference; fileEncoding = 4; lastKnownFileType = sourcecode.c.h; name = PO3Controller.h; path = ../../../../lib/PO3Controller.h; sourceTree = "<group>"; };
		3F721C0E1D0993CC00C1526D /* POHeader.h */ = {isa = PBXFileReference; fileEncoding = 4; lastKnownFileType = sourcecode.c.h; name = POHeader.h; path = ../../../../lib/POHeader.h; sourceTree = "<group>"; };
		3F721C0F1D0993CC00C1526D /* POMacroFile.h */ = {isa = PBXFileReference; fileEncoding = 4; lastKnownFileType = sourcecode.c.h; name = POMacroFile.h; path = ../../../../lib/POMacroFile.h; sourceTree = "<group>"; };
		3F721C101D0993CC00C1526D /* ScanDeviceController.h */ = {isa = PBXFileReference; fileEncoding = 4; lastKnownFileType = sourcecode.c.h; name = ScanDeviceController.h; path = ../../../../lib/ScanDeviceController.h; sourceTree = "<group>"; };
		4D48B73B19D0F40D00BA5A84 /* iHealthDemoCode.app */ = {isa = PBXFileReference; explicitFileType = wrapper.application; includeInIndex = 0; path = iHealthDemoCode.app; sourceTree = BUILT_PRODUCTS_DIR; };
		4D48B73E19D0F40D00BA5A84 /* Foundation.framework */ = {isa = PBXFileReference; lastKnownFileType = wrapper.framework; name = Foundation.framework; path = System/Library/Frameworks/Foundation.framework; sourceTree = SDKROOT; };
		4D48B74019D0F40D00BA5A84 /* CoreGraphics.framework */ = {isa = PBXFileReference; lastKnownFileType = wrapper.framework; name = CoreGraphics.framework; path = System/Library/Frameworks/CoreGraphics.framework; sourceTree = SDKROOT; };
		4D48B74219D0F40D00BA5A84 /* UIKit.framework */ = {isa = PBXFileReference; lastKnownFileType = wrapper.framework; name = UIKit.framework; path = System/Library/Frameworks/UIKit.framework; sourceTree = SDKROOT; };
		4D48B74619D0F40D00BA5A84 /* iHealthDemoCode-Info.plist */ = {isa = PBXFileReference; lastKnownFileType = text.plist.xml; path = "iHealthDemoCode-Info.plist"; sourceTree = "<group>"; };
		4D48B74819D0F40D00BA5A84 /* en */ = {isa = PBXFileReference; lastKnownFileType = text.plist.strings; name = en; path = en.lproj/InfoPlist.strings; sourceTree = "<group>"; };
		4D48B74A19D0F40D00BA5A84 /* main.m */ = {isa = PBXFileReference; lastKnownFileType = sourcecode.c.objc; path = main.m; sourceTree = "<group>"; };
		4D48B74C19D0F40D00BA5A84 /* iHealthDemoCode-Prefix.pch */ = {isa = PBXFileReference; lastKnownFileType = sourcecode.c.h; path = "iHealthDemoCode-Prefix.pch"; sourceTree = "<group>"; };
		4D48B74D19D0F40D00BA5A84 /* AppDelegate.h */ = {isa = PBXFileReference; lastKnownFileType = sourcecode.c.h; path = AppDelegate.h; sourceTree = "<group>"; };
		4D48B74E19D0F40D00BA5A84 /* AppDelegate.m */ = {isa = PBXFileReference; lastKnownFileType = sourcecode.c.objc; path = AppDelegate.m; sourceTree = "<group>"; };
		4D48B75119D0F40D00BA5A84 /* Base */ = {isa = PBXFileReference; lastKnownFileType = file.storyboard; name = Base; path = Base.lproj/Main.storyboard; sourceTree = "<group>"; };
		4D48B75919D0F40D00BA5A84 /* Images.xcassets */ = {isa = PBXFileReference; lastKnownFileType = folder.assetcatalog; path = Images.xcassets; sourceTree = "<group>"; };
		4D48B75F19D0F40D00BA5A84 /* iHealthDemoCodeTests.xctest */ = {isa = PBXFileReference; explicitFileType = wrapper.cfbundle; includeInIndex = 0; path = iHealthDemoCodeTests.xctest; sourceTree = BUILT_PRODUCTS_DIR; };
		4D48B76019D0F40D00BA5A84 /* XCTest.framework */ = {isa = PBXFileReference; lastKnownFileType = wrapper.framework; name = XCTest.framework; path = Library/Frameworks/XCTest.framework; sourceTree = DEVELOPER_DIR; };
		4D48B76819D0F40D00BA5A84 /* iHealthDemoCodeTests-Info.plist */ = {isa = PBXFileReference; lastKnownFileType = text.plist.xml; path = "iHealthDemoCodeTests-Info.plist"; sourceTree = "<group>"; };
		4D48B76A19D0F40D00BA5A84 /* en */ = {isa = PBXFileReference; lastKnownFileType = text.plist.strings; name = en; path = en.lproj/InfoPlist.strings; sourceTree = "<group>"; };
		4D48B76C19D0F40D00BA5A84 /* iHealthDemoCodeTests.m */ = {isa = PBXFileReference; lastKnownFileType = sourcecode.c.objc; path = iHealthDemoCodeTests.m; sourceTree = "<group>"; };
		4D48B77619D0F67900BA5A84 /* BPViewController.h */ = {isa = PBXFileReference; fileEncoding = 4; lastKnownFileType = sourcecode.c.h; path = BPViewController.h; sourceTree = "<group>"; };
		4D48B77719D0F67900BA5A84 /* BPViewController.m */ = {isa = PBXFileReference; fileEncoding = 4; lastKnownFileType = sourcecode.c.objc; path = BPViewController.m; sourceTree = "<group>"; };
		4D48B77919D0F74000BA5A84 /* HSViewController.h */ = {isa = PBXFileReference; fileEncoding = 4; lastKnownFileType = sourcecode.c.h; path = HSViewController.h; sourceTree = "<group>"; };
		4D48B77A19D0F74000BA5A84 /* HSViewController.m */ = {isa = PBXFileReference; fileEncoding = 4; lastKnownFileType = sourcecode.c.objc; path = HSViewController.m; sourceTree = "<group>"; };
		4D48B77F19D0F8F000BA5A84 /* POViewController.h */ = {isa = PBXFileReference; fileEncoding = 4; lastKnownFileType = sourcecode.c.h; path = POViewController.h; sourceTree = "<group>"; };
		4D48B78019D0F8F000BA5A84 /* POViewController.m */ = {isa = PBXFileReference; fileEncoding = 4; lastKnownFileType = sourcecode.c.objc; path = POViewController.m; sourceTree = "<group>"; };
		4D48B78219D0F8FC00BA5A84 /* BGViewController.h */ = {isa = PBXFileReference; fileEncoding = 4; lastKnownFileType = sourcecode.c.h; path = BGViewController.h; sourceTree = "<group>"; };
		4D48B78319D0F8FC00BA5A84 /* BGViewController.m */ = {isa = PBXFileReference; fileEncoding = 4; lastKnownFileType = sourcecode.c.objc; path = BGViewController.m; sourceTree = "<group>"; };
		4D48B7A719D0FA8B00BA5A84 /* CoreBluetooth.framework */ = {isa = PBXFileReference; lastKnownFileType = wrapper.framework; name = CoreBluetooth.framework; path = System/Library/Frameworks/CoreBluetooth.framework; sourceTree = SDKROOT; };
		4D48B7A919D0FA9300BA5A84 /* ExternalAccessory.framework */ = {isa = PBXFileReference; lastKnownFileType = wrapper.framework; name = ExternalAccessory.framework; path = System/Library/Frameworks/ExternalAccessory.framework; sourceTree = SDKROOT; };
		8602E2491CF3ED6A00214CEC /* AM4ViewController.h */ = {isa = PBXFileReference; fileEncoding = 4; lastKnownFileType = sourcecode.c.h; path = AM4ViewController.h; sourceTree = "<group>"; };
		8602E24A1CF3ED6A00214CEC /* AM4ViewController.m */ = {isa = PBXFileReference; fileEncoding = 4; lastKnownFileType = sourcecode.c.objc; path = AM4ViewController.m; sourceTree = "<group>"; };
		8602E24B1CF3ED6A00214CEC /* AM4ViewController.xib */ = {isa = PBXFileReference; fileEncoding = 4; lastKnownFileType = file.xib; path = AM4ViewController.xib; sourceTree = "<group>"; };
		86BE1E5F1CF2EECD006107E3 /* AMViewController.h */ = {isa = PBXFileReference; fileEncoding = 4; lastKnownFileType = sourcecode.c.h; path = AMViewController.h; sourceTree = "<group>"; };
		86BE1E601CF2EECD006107E3 /* AMViewController.m */ = {isa = PBXFileReference; fileEncoding = 4; lastKnownFileType = sourcecode.c.objc; path = AMViewController.m; sourceTree = "<group>"; };
/* End PBXFileReference section */

/* Begin PBXFrameworksBuildPhase section */
		4D48B73819D0F40D00BA5A84 /* Frameworks */ = {
			isa = PBXFrameworksBuildPhase;
			buildActionMask = 2147483647;
			files = (
				3F721C111D0993CC00C1526D /* iHealthLibrary(2.0.3).a in Frameworks */,
				4D48B7AA19D0FA9300BA5A84 /* ExternalAccessory.framework in Frameworks */,
				4D48B7A819D0FA8B00BA5A84 /* CoreBluetooth.framework in Frameworks */,
				4D48B74119D0F40D00BA5A84 /* CoreGraphics.framework in Frameworks */,
				4D48B74319D0F40D00BA5A84 /* UIKit.framework in Frameworks */,
				4D48B73F19D0F40D00BA5A84 /* Foundation.framework in Frameworks */,
			);
			runOnlyForDeploymentPostprocessing = 0;
		};
		4D48B75C19D0F40D00BA5A84 /* Frameworks */ = {
			isa = PBXFrameworksBuildPhase;
			buildActionMask = 2147483647;
			files = (
				4D48B76119D0F40D00BA5A84 /* XCTest.framework in Frameworks */,
				4D48B76319D0F40D00BA5A84 /* UIKit.framework in Frameworks */,
				4D48B76219D0F40D00BA5A84 /* Foundation.framework in Frameworks */,
			);
			runOnlyForDeploymentPostprocessing = 0;
		};
/* End PBXFrameworksBuildPhase section */

/* Begin PBXGroup section */
		3FE219F31CDB593400EE7158 /* include */ = {
			isa = PBXGroup;
			children = (
				3F721BD51D0993CC00C1526D /* ABI.h */,
				3F721BD61D0993CC00C1526D /* ABIController.h */,
				3F721BD71D0993CC00C1526D /* ABPM.h */,
				3F721BD81D0993CC00C1526D /* ABPMController.h */,
				3F721BD91D0993CC00C1526D /* AM3.h */,
				3F721BDA1D0993CC00C1526D /* AM3Controller.h */,
				3F721BDB1D0993CC00C1526D /* AM3S.h */,
				3F721BDC1D0993CC00C1526D /* AM3SController.h */,
				3F721BDD1D0993CC00C1526D /* AM4.h */,
				3F721BDE1D0993CC00C1526D /* AM4Controller.h */,
				3F721BDF1D0993CC00C1526D /* AMHeader.h */,
				3F721BE01D0993CC00C1526D /* AMMacroFile.h */,
				3F721BE11D0993CC00C1526D /* BG1.h */,
				3F721BE21D0993CC00C1526D /* BG1Controller.h */,
				3F721BE31D0993CC00C1526D /* BG3.h */,
				3F721BE41D0993CC00C1526D /* BG3Controller.h */,
				3F721BE51D0993CC00C1526D /* BG5.h */,
				3F721BE61D0993CC00C1526D /* BG5Controller.h */,
				3F721BE71D0993CC00C1526D /* BGHeader.h */,
				3F721BE81D0993CC00C1526D /* BGMacroFile.h */,
				3F721BE91D0993CC00C1526D /* BP3.h */,
				3F721BEA1D0993CC00C1526D /* BP3Controller.h */,
				3F721BEB1D0993CC00C1526D /* BP3L.h */,
				3F721BEC1D0993CC00C1526D /* BP3LController.h */,
				3F721BED1D0993CC00C1526D /* BP5.h */,
				3F721BEE1D0993CC00C1526D /* BP5Controller.h */,
				3F721BEF1D0993CC00C1526D /* BP7.h */,
				3F721BF01D0993CC00C1526D /* BP7Controller.h */,
				3F721BF11D0993CC00C1526D /* BP7S.h */,
				3F721BF21D0993CC00C1526D /* BP7SController.h */,
				3F721BF31D0993CC00C1526D /* BPHeader.h */,
				3F721BF41D0993CC00C1526D /* BPMacroFile.h */,
				3F721BF51D0993CC00C1526D /* ConnectDeviceController.h */,
				3F721BF61D0993CC00C1526D /* HealthHeader.h */,
				3F721BF71D0993CC00C1526D /* HealthUser.h */,
				3F721BF81D0993CC00C1526D /* HS3.h */,
				3F721BF91D0993CC00C1526D /* HS3Controller.h */,
				3F721BFA1D0993CC00C1526D /* HS4.h */,
				3F721BFB1D0993CC00C1526D /* HS4Controller.h */,
				3F721BFC1D0993CC00C1526D /* HS5.h */,
				3F721BFD1D0993CC00C1526D /* HS5Controller.h */,
				3F721BFE1D0993CC00C1526D /* HSHeader.h */,
				3F721BFF1D0993CC00C1526D /* HSMacroFile.h */,
				3F721C001D0993CC00C1526D /* HTS.h */,
				3F721C011D0993CC00C1526D /* HTSController.h */,
				3F721C021D0993CC00C1526D /* HTSHeader.h */,
				3F721C031D0993CC00C1526D /* HTSMacroFile.h */,
				3F721C041D0993CC00C1526D /* iHealthHS6.h */,
				3F721C051D0993CC00C1526D /* iHealthLibrary(2.0.3).a */,
				3F721C061D0993CC00C1526D /* KD723.h */,
				3F721C071D0993CC00C1526D /* KD723Controller.h */,
				3F721C081D0993CC00C1526D /* KD926.h */,
				3F721C091D0993CC00C1526D /* KD926Controller.h */,
				3F721C0A1D0993CC00C1526D /* KN550BT.h */,
				3F721C0B1D0993CC00C1526D /* KN550BTController.h */,
				3F721C0C1D0993CC00C1526D /* PO3.h */,
				3F721C0D1D0993CC00C1526D /* PO3Controller.h */,
				3F721C0E1D0993CC00C1526D /* POHeader.h */,
				3F721C0F1D0993CC00C1526D /* POMacroFile.h */,
				3F721C101D0993CC00C1526D /* ScanDeviceController.h */,
			);
			path = include;
			sourceTree = "<group>";
		};
		4D48B73219D0F40D00BA5A84 = {
			isa = PBXGroup;
			children = (
				4D48B74419D0F40D00BA5A84 /* iHealthDemoCode */,
				4D48B76619D0F40D00BA5A84 /* iHealthDemoCodeTests */,
				4D48B73D19D0F40D00BA5A84 /* Frameworks */,
				4D48B73C19D0F40D00BA5A84 /* Products */,
			);
			sourceTree = "<group>";
		};
		4D48B73C19D0F40D00BA5A84 /* Products */ = {
			isa = PBXGroup;
			children = (
				4D48B73B19D0F40D00BA5A84 /* iHealthDemoCode.app */,
				4D48B75F19D0F40D00BA5A84 /* iHealthDemoCodeTests.xctest */,
			);
			name = Products;
			sourceTree = "<group>";
		};
		4D48B73D19D0F40D00BA5A84 /* Frameworks */ = {
			isa = PBXGroup;
			children = (
				4D48B7A919D0FA9300BA5A84 /* ExternalAccessory.framework */,
				4D48B7A719D0FA8B00BA5A84 /* CoreBluetooth.framework */,
				4D48B73E19D0F40D00BA5A84 /* Foundation.framework */,
				4D48B74019D0F40D00BA5A84 /* CoreGraphics.framework */,
				4D48B74219D0F40D00BA5A84 /* UIKit.framework */,
				4D48B76019D0F40D00BA5A84 /* XCTest.framework */,
			);
			name = Frameworks;
			sourceTree = "<group>";
		};
		4D48B74419D0F40D00BA5A84 /* iHealthDemoCode */ = {
			isa = PBXGroup;
			children = (
				3FE219F31CDB593400EE7158 /* include */,
				4D48B74D19D0F40D00BA5A84 /* AppDelegate.h */,
				4D48B74E19D0F40D00BA5A84 /* AppDelegate.m */,
				86BE1E5F1CF2EECD006107E3 /* AMViewController.h */,
				86BE1E601CF2EECD006107E3 /* AMViewController.m */,
				8602E2491CF3ED6A00214CEC /* AM4ViewController.h */,
				8602E24A1CF3ED6A00214CEC /* AM4ViewController.m */,
				8602E24B1CF3ED6A00214CEC /* AM4ViewController.xib */,
				4D48B75019D0F40D00BA5A84 /* Main.storyboard */,
				4D48B77619D0F67900BA5A84 /* BPViewController.h */,
				4D48B77719D0F67900BA5A84 /* BPViewController.m */,
				4D48B77919D0F74000BA5A84 /* HSViewController.h */,
				4D48B77A19D0F74000BA5A84 /* HSViewController.m */,
				4D48B77F19D0F8F000BA5A84 /* POViewController.h */,
				4D48B78019D0F8F000BA5A84 /* POViewController.m */,
				4D48B78219D0F8FC00BA5A84 /* BGViewController.h */,
				4D48B78319D0F8FC00BA5A84 /* BGViewController.m */,
				4D48B75919D0F40D00BA5A84 /* Images.xcassets */,
				4D48B74519D0F40D00BA5A84 /* Supporting Files */,
			);
			path = iHealthDemoCode;
			sourceTree = "<group>";
		};
		4D48B74519D0F40D00BA5A84 /* Supporting Files */ = {
			isa = PBXGroup;
			children = (
				4D48B74619D0F40D00BA5A84 /* iHealthDemoCode-Info.plist */,
				4D48B74719D0F40D00BA5A84 /* InfoPlist.strings */,
				4D48B74A19D0F40D00BA5A84 /* main.m */,
				4D48B74C19D0F40D00BA5A84 /* iHealthDemoCode-Prefix.pch */,
			);
			name = "Supporting Files";
			sourceTree = "<group>";
		};
		4D48B76619D0F40D00BA5A84 /* iHealthDemoCodeTests */ = {
			isa = PBXGroup;
			children = (
				4D48B76C19D0F40D00BA5A84 /* iHealthDemoCodeTests.m */,
				4D48B76719D0F40D00BA5A84 /* Supporting Files */,
			);
			path = iHealthDemoCodeTests;
			sourceTree = "<group>";
		};
		4D48B76719D0F40D00BA5A84 /* Supporting Files */ = {
			isa = PBXGroup;
			children = (
				4D48B76819D0F40D00BA5A84 /* iHealthDemoCodeTests-Info.plist */,
				4D48B76919D0F40D00BA5A84 /* InfoPlist.strings */,
			);
			name = "Supporting Files";
			sourceTree = "<group>";
		};
/* End PBXGroup section */

/* Begin PBXNativeTarget section */
		4D48B73A19D0F40D00BA5A84 /* iHealthDemoCode */ = {
			isa = PBXNativeTarget;
			buildConfigurationList = 4D48B77019D0F40D00BA5A84 /* Build configuration list for PBXNativeTarget "iHealthDemoCode" */;
			buildPhases = (
				4D48B73719D0F40D00BA5A84 /* Sources */,
				4D48B73819D0F40D00BA5A84 /* Frameworks */,
				4D48B73919D0F40D00BA5A84 /* Resources */,
			);
			buildRules = (
			);
			dependencies = (
			);
			name = iHealthDemoCode;
			productName = iHealthDemoCode;
			productReference = 4D48B73B19D0F40D00BA5A84 /* iHealthDemoCode.app */;
			productType = "com.apple.product-type.application";
		};
		4D48B75E19D0F40D00BA5A84 /* iHealthDemoCodeTests */ = {
			isa = PBXNativeTarget;
			buildConfigurationList = 4D48B77319D0F40D00BA5A84 /* Build configuration list for PBXNativeTarget "iHealthDemoCodeTests" */;
			buildPhases = (
				4D48B75B19D0F40D00BA5A84 /* Sources */,
				4D48B75C19D0F40D00BA5A84 /* Frameworks */,
				4D48B75D19D0F40D00BA5A84 /* Resources */,
			);
			buildRules = (
			);
			dependencies = (
				4D48B76519D0F40D00BA5A84 /* PBXTargetDependency */,
			);
			name = iHealthDemoCodeTests;
			productName = iHealthDemoCodeTests;
			productReference = 4D48B75F19D0F40D00BA5A84 /* iHealthDemoCodeTests.xctest */;
			productType = "com.apple.product-type.bundle.unit-test";
		};
/* End PBXNativeTarget section */

/* Begin PBXProject section */
		4D48B73319D0F40D00BA5A84 /* Project object */ = {
			isa = PBXProject;
			attributes = {
				LastUpgradeCheck = 0730;
				ORGANIZATIONNAME = "zhiwei jing";
				TargetAttributes = {
					4D48B73A19D0F40D00BA5A84 = {
						DevelopmentTeam = 3Q553VZ29W;
					};
					4D48B75E19D0F40D00BA5A84 = {
						DevelopmentTeam = 45P48R488J;
						TestTargetID = 4D48B73A19D0F40D00BA5A84;
					};
				};
			};
			buildConfigurationList = 4D48B73619D0F40D00BA5A84 /* Build configuration list for PBXProject "iHealthDemoCode" */;
			compatibilityVersion = "Xcode 3.2";
			developmentRegion = English;
			hasScannedForEncodings = 0;
			knownRegions = (
				en,
				Base,
			);
			mainGroup = 4D48B73219D0F40D00BA5A84;
			productRefGroup = 4D48B73C19D0F40D00BA5A84 /* Products */;
			projectDirPath = "";
			projectRoot = "";
			targets = (
				4D48B73A19D0F40D00BA5A84 /* iHealthDemoCode */,
				4D48B75E19D0F40D00BA5A84 /* iHealthDemoCodeTests */,
			);
		};
/* End PBXProject section */

/* Begin PBXResourcesBuildPhase section */
		4D48B73919D0F40D00BA5A84 /* Resources */ = {
			isa = PBXResourcesBuildPhase;
			buildActionMask = 2147483647;
			files = (
				4D48B75A19D0F40D00BA5A84 /* Images.xcassets in Resources */,
				4D48B74919D0F40D00BA5A84 /* InfoPlist.strings in Resources */,
				4D48B75219D0F40D00BA5A84 /* Main.storyboard in Resources */,
				8602E24D1CF3ED6A00214CEC /* AM4ViewController.xib in Resources */,
			);
			runOnlyForDeploymentPostprocessing = 0;
		};
		4D48B75D19D0F40D00BA5A84 /* Resources */ = {
			isa = PBXResourcesBuildPhase;
			buildActionMask = 2147483647;
			files = (
				4D48B76B19D0F40D00BA5A84 /* InfoPlist.strings in Resources */,
			);
			runOnlyForDeploymentPostprocessing = 0;
		};
/* End PBXResourcesBuildPhase section */

/* Begin PBXSourcesBuildPhase section */
		4D48B73719D0F40D00BA5A84 /* Sources */ = {
			isa = PBXSourcesBuildPhase;
			buildActionMask = 2147483647;
			files = (
				4D48B74F19D0F40D00BA5A84 /* AppDelegate.m in Sources */,
				4D48B78419D0F8FC00BA5A84 /* BGViewController.m in Sources */,
				86BE1E631CF2EECD006107E3 /* AMViewController.m in Sources */,
				4D48B78119D0F8F000BA5A84 /* POViewController.m in Sources */,
				4D48B77819D0F67900BA5A84 /* BPViewController.m in Sources */,
				4D48B74B19D0F40D00BA5A84 /* main.m in Sources */,
				4D48B77B19D0F74000BA5A84 /* HSViewController.m in Sources */,
				8602E24C1CF3ED6A00214CEC /* AM4ViewController.m in Sources */,
			);
			runOnlyForDeploymentPostprocessing = 0;
		};
		4D48B75B19D0F40D00BA5A84 /* Sources */ = {
			isa = PBXSourcesBuildPhase;
			buildActionMask = 2147483647;
			files = (
				4D48B76D19D0F40D00BA5A84 /* iHealthDemoCodeTests.m in Sources */,
			);
			runOnlyForDeploymentPostprocessing = 0;
		};
/* End PBXSourcesBuildPhase section */

/* Begin PBXTargetDependency section */
		4D48B76519D0F40D00BA5A84 /* PBXTargetDependency */ = {
			isa = PBXTargetDependency;
			target = 4D48B73A19D0F40D00BA5A84 /* iHealthDemoCode */;
			targetProxy = 4D48B76419D0F40D00BA5A84 /* PBXContainerItemProxy */;
		};
/* End PBXTargetDependency section */

/* Begin PBXVariantGroup section */
		4D48B74719D0F40D00BA5A84 /* InfoPlist.strings */ = {
			isa = PBXVariantGroup;
			children = (
				4D48B74819D0F40D00BA5A84 /* en */,
			);
			name = InfoPlist.strings;
			sourceTree = "<group>";
		};
		4D48B75019D0F40D00BA5A84 /* Main.storyboard */ = {
			isa = PBXVariantGroup;
			children = (
				4D48B75119D0F40D00BA5A84 /* Base */,
			);
			name = Main.storyboard;
			sourceTree = "<group>";
		};
		4D48B76919D0F40D00BA5A84 /* InfoPlist.strings */ = {
			isa = PBXVariantGroup;
			children = (
				4D48B76A19D0F40D00BA5A84 /* en */,
			);
			name = InfoPlist.strings;
			sourceTree = "<group>";
		};
/* End PBXVariantGroup section */

/* Begin XCBuildConfiguration section */
		4D48B76E19D0F40D00BA5A84 /* Debug */ = {
			isa = XCBuildConfiguration;
			buildSettings = {
				ALWAYS_SEARCH_USER_PATHS = NO;
				CLANG_CXX_LANGUAGE_STANDARD = "gnu++0x";
				CLANG_CXX_LIBRARY = "libc++";
				CLANG_ENABLE_MODULES = YES;
				CLANG_ENABLE_OBJC_ARC = YES;
				CLANG_WARN_BOOL_CONVERSION = YES;
				CLANG_WARN_CONSTANT_CONVERSION = YES;
				CLANG_WARN_DIRECT_OBJC_ISA_USAGE = YES_ERROR;
				CLANG_WARN_EMPTY_BODY = YES;
				CLANG_WARN_ENUM_CONVERSION = YES;
				CLANG_WARN_INT_CONVERSION = YES;
				CLANG_WARN_OBJC_ROOT_CLASS = YES_ERROR;
				CLANG_WARN__DUPLICATE_METHOD_MATCH = YES;
				CODE_SIGN_IDENTITY = "iPhone Developer";
				"CODE_SIGN_IDENTITY[sdk=iphoneos*]" = "iPhone Developer: dai qingquan (QNUCHT6Y8Q)";
				COPY_PHASE_STRIP = NO;
				ENABLE_TESTABILITY = YES;
				GCC_C_LANGUAGE_STANDARD = gnu99;
				GCC_DYNAMIC_NO_PIC = NO;
				GCC_OPTIMIZATION_LEVEL = 0;
				GCC_PREPROCESSOR_DEFINITIONS = (
					"DEBUG=1",
					"$(inherited)",
				);
				GCC_SYMBOLS_PRIVATE_EXTERN = NO;
				GCC_WARN_64_TO_32_BIT_CONVERSION = YES;
				GCC_WARN_ABOUT_RETURN_TYPE = YES_ERROR;
				GCC_WARN_UNDECLARED_SELECTOR = YES;
				GCC_WARN_UNINITIALIZED_AUTOS = YES_AGGRESSIVE;
				GCC_WARN_UNUSED_FUNCTION = YES;
				GCC_WARN_UNUSED_VARIABLE = YES;
				IPHONEOS_DEPLOYMENT_TARGET = 7.1;
				ONLY_ACTIVE_ARCH = YES;
				PROVISIONING_PROFILE = "e4dab808-bc9f-4d4d-8424-c71d66cd2c77";
				SDKROOT = iphoneos;
			};
			name = Debug;
		};
		4D48B76F19D0F40D00BA5A84 /* Release */ = {
			isa = XCBuildConfiguration;
			buildSettings = {
				ALWAYS_SEARCH_USER_PATHS = NO;
				CLANG_CXX_LANGUAGE_STANDARD = "gnu++0x";
				CLANG_CXX_LIBRARY = "libc++";
				CLANG_ENABLE_MODULES = YES;
				CLANG_ENABLE_OBJC_ARC = YES;
				CLANG_WARN_BOOL_CONVERSION = YES;
				CLANG_WARN_CONSTANT_CONVERSION = YES;
				CLANG_WARN_DIRECT_OBJC_ISA_USAGE = YES_ERROR;
				CLANG_WARN_EMPTY_BODY = YES;
				CLANG_WARN_ENUM_CONVERSION = YES;
				CLANG_WARN_INT_CONVERSION = YES;
				CLANG_WARN_OBJC_ROOT_CLASS = YES_ERROR;
				CLANG_WARN__DUPLICATE_METHOD_MATCH = YES;
				CODE_SIGN_IDENTITY = "iPhone Developer";
				"CODE_SIGN_IDENTITY[sdk=iphoneos*]" = "iPhone Developer";
				COPY_PHASE_STRIP = YES;
				ENABLE_NS_ASSERTIONS = NO;
				GCC_C_LANGUAGE_STANDARD = gnu99;
				GCC_WARN_64_TO_32_BIT_CONVERSION = YES;
				GCC_WARN_ABOUT_RETURN_TYPE = YES_ERROR;
				GCC_WARN_UNDECLARED_SELECTOR = YES;
				GCC_WARN_UNINITIALIZED_AUTOS = YES_AGGRESSIVE;
				GCC_WARN_UNUSED_FUNCTION = YES;
				GCC_WARN_UNUSED_VARIABLE = YES;
				IPHONEOS_DEPLOYMENT_TARGET = 7.1;
				PROVISIONING_PROFILE = "e4dab808-bc9f-4d4d-8424-c71d66cd2c77";
				SDKROOT = iphoneos;
				VALIDATE_PRODUCT = YES;
			};
			name = Release;
		};
		4D48B77119D0F40D00BA5A84 /* Debug */ = {
			isa = XCBuildConfiguration;
			buildSettings = {
				ASSETCATALOG_COMPILER_APPICON_NAME = AppIcon;
				ASSETCATALOG_COMPILER_LAUNCHIMAGE_NAME = LaunchImage;
				CODE_SIGN_IDENTITY = "iPhone Developer: Jianbo Xu (TBVP5D9MDE)";
				"CODE_SIGN_IDENTITY[sdk=iphoneos*]" = "iPhone Developer: jing zhiwei (NJ3DW8F6W7)";
				GCC_PRECOMPILE_PREFIX_HEADER = YES;
				GCC_PREFIX_HEADER = "iHealthDemoCode/iHealthDemoCode-Prefix.pch";
				INFOPLIST_FILE = "iHealthDemoCode/iHealthDemoCode-Info.plist";
				IPHONEOS_DEPLOYMENT_TARGET = 6.1;
				LIBRARY_SEARCH_PATHS = (
					"$(inherited)",
					"$(PROJECT_DIR)/iHealthDemoCode/HSModel",
					"$(PROJECT_DIR)/iHealthDemoCode/include",
					"$(PROJECT_DIR)/iHealthDemoCode",
					"$(PROJECT_DIR)",
				);
				PRODUCT_BUNDLE_IDENTIFIER = com.ihealthlabs.ss;
				PRODUCT_NAME = "$(TARGET_NAME)";
				PROVISIONING_PROFILE = "dcadc8d8-aaeb-43df-b890-da39c34e2085";
				VALID_ARCHS = "arm64 armv7";
				WRAPPER_EXTENSION = app;
			};
			name = Debug;
		};
		4D48B77219D0F40D00BA5A84 /* Release */ = {
			isa = XCBuildConfiguration;
			buildSettings = {
				ASSETCATALOG_COMPILER_APPICON_NAME = AppIcon;
				ASSETCATALOG_COMPILER_LAUNCHIMAGE_NAME = LaunchImage;
				CODE_SIGN_IDENTITY = "iPhone Developer: Jianbo Xu (TBVP5D9MDE)";
				"CODE_SIGN_IDENTITY[sdk=iphoneos*]" = "iPhone Developer: Jianbo Xu (TBVP5D9MDE)";
				GCC_PRECOMPILE_PREFIX_HEADER = YES;
				GCC_PREFIX_HEADER = "iHealthDemoCode/iHealthDemoCode-Prefix.pch";
				INFOPLIST_FILE = "iHealthDemoCode/iHealthDemoCode-Info.plist";
				IPHONEOS_DEPLOYMENT_TARGET = 6.1;
				LIBRARY_SEARCH_PATHS = (
					"$(inherited)",
					"$(PROJECT_DIR)/iHealthDemoCode/HSModel",
					"$(PROJECT_DIR)/iHealthDemoCode/include",
					"$(PROJECT_DIR)/iHealthDemoCode",
					"$(PROJECT_DIR)",
				);
				PRODUCT_BUNDLE_IDENTIFIER = com.ihealthlabs.ss;
				PRODUCT_NAME = "$(TARGET_NAME)";
				PROVISIONING_PROFILE = "dcadc8d8-aaeb-43df-b890-da39c34e2085";
				VALID_ARCHS = "arm64 armv7";
				WRAPPER_EXTENSION = app;
			};
			name = Release;
		};
		4D48B77419D0F40D00BA5A84 /* Debug */ = {
			isa = XCBuildConfiguration;
			buildSettings = {
				BUNDLE_LOADER = "$(BUILT_PRODUCTS_DIR)/iHealthDemoCode.app/iHealthDemoCode";
				CODE_SIGN_IDENTITY = "iPhone Developer";
				"CODE_SIGN_IDENTITY[sdk=iphoneos*]" = "iPhone Developer";
				FRAMEWORK_SEARCH_PATHS = (
					"$(SDKROOT)/Developer/Library/Frameworks",
					"$(inherited)",
					"$(DEVELOPER_FRAMEWORKS_DIR)",
				);
				GCC_PRECOMPILE_PREFIX_HEADER = YES;
				GCC_PREFIX_HEADER = "iHealthDemoCode/iHealthDemoCode-Prefix.pch";
				GCC_PREPROCESSOR_DEFINITIONS = (
					"DEBUG=1",
					"$(inherited)",
				);
				INFOPLIST_FILE = "iHealthDemoCodeTests/iHealthDemoCodeTests-Info.plist";
				PRODUCT_BUNDLE_IDENTIFIER = "com.zhang.xxx.${PRODUCT_NAME:rfc1034identifier}";
				PRODUCT_NAME = "$(TARGET_NAME)";
				PROVISIONING_PROFILE = "";
				TEST_HOST = "$(BUNDLE_LOADER)";
				WRAPPER_EXTENSION = xctest;
			};
			name = Debug;
		};
		4D48B77519D0F40D00BA5A84 /* Release */ = {
			isa = XCBuildConfiguration;
			buildSettings = {
				BUNDLE_LOADER = "$(BUILT_PRODUCTS_DIR)/iHealthDemoCode.app/iHealthDemoCode";
				CODE_SIGN_IDENTITY = "iPhone Developer";
				"CODE_SIGN_IDENTITY[sdk=iphoneos*]" = "iPhone Developer";
				FRAMEWORK_SEARCH_PATHS = (
					"$(SDKROOT)/Developer/Library/Frameworks",
					"$(inherited)",
					"$(DEVELOPER_FRAMEWORKS_DIR)",
				);
				GCC_PRECOMPILE_PREFIX_HEADER = YES;
				GCC_PREFIX_HEADER = "iHealthDemoCode/iHealthDemoCode-Prefix.pch";
				INFOPLIST_FILE = "iHealthDemoCodeTests/iHealthDemoCodeTests-Info.plist";
				PRODUCT_BUNDLE_IDENTIFIER = "com.zhang.xxx.${PRODUCT_NAME:rfc1034identifier}";
				PRODUCT_NAME = "$(TARGET_NAME)";
				PROVISIONING_PROFILE = "";
				TEST_HOST = "$(BUNDLE_LOADER)";
				WRAPPER_EXTENSION = xctest;
			};
			name = Release;
		};
/* End XCBuildConfiguration section */

/* Begin XCConfigurationList section */
		4D48B73619D0F40D00BA5A84 /* Build configuration list for PBXProject "iHealthDemoCode" */ = {
			isa = XCConfigurationList;
			buildConfigurations = (
				4D48B76E19D0F40D00BA5A84 /* Debug */,
				4D48B76F19D0F40D00BA5A84 /* Release */,
			);
			defaultConfigurationIsVisible = 0;
			defaultConfigurationName = Release;
		};
		4D48B77019D0F40D00BA5A84 /* Build configuration list for PBXNativeTarget "iHealthDemoCode" */ = {
			isa = XCConfigurationList;
			buildConfigurations = (
				4D48B77119D0F40D00BA5A84 /* Debug */,
				4D48B77219D0F40D00BA5A84 /* Release */,
			);
			defaultConfigurationIsVisible = 0;
			defaultConfigurationName = Release;
		};
		4D48B77319D0F40D00BA5A84 /* Build configuration list for PBXNativeTarget "iHealthDemoCodeTests" */ = {
			isa = XCConfigurationList;
			buildConfigurations = (
				4D48B77419D0F40D00BA5A84 /* Debug */,
				4D48B77519D0F40D00BA5A84 /* Release */,
			);
			defaultConfigurationIsVisible = 0;
			defaultConfigurationName = Release;
		};
/* End XCConfigurationList section */
	};
	rootObject = 4D48B73319D0F40D00BA5A84 /* Project object */;
}
